
Microsoft Visual Studio Solution File, Format Version 12.00
# Visual Studio Version 17
VisualStudioVersion = 17.3.32811.315
MinimumVisualStudioVersion = 10.0.40219.1
Project("{8BC9CEB8-8B4A-11D0-8D11-00A0C91BC942}") = "APIObf", "APIObf\APIObf.vcxproj", "{4C0380A6-30E4-44E3-BB2B-8C45B7552123}"
EndProject
Global
	GlobalSection(SolutionConfigurationPlatforms) = preSolution
		Debug|x64 = Debug|x64
		Debug|x86 = Debug|x86
		Release|x64 = Release|x64
		Release|x86 = Release|x86
	EndGlobalSection
	GlobalSection(ProjectConfigurationPlatforms) = postSolution
		{4C0380A6-30E4-44E3-BB2B-8C45B7552123}.Debug|x64.ActiveCfg = Debug|x64
		{4C0380A6-30E4-44E3-BB2B-8C45B7552123}.Debug|x64.Build.0 = Debug|x64
		{4C0380A6-30E4-44E3-BB2B-8C45B7552123}.Debug|x86.ActiveCfg = Debug|Win32
		{4C0380A6-30E4-44E3-BB2B-8C45B7552123}.Debug|x86.Build.0 = Debug|Win32
		{4C0380A6-30E4-44E3-BB2B-8C45B7552123}.Release|x64.ActiveCfg = Release|x64
		{4C0380A6-30E4-44E3-BB2B-8C45B7552123}.Release|x64.Build.0 = Release|x64
		{4C0380A6-30E4-44E3-BB2B-8C45B7552123}.Release|x86.ActiveCfg = Release|Win32
		{4C0380A6-30E4-44E3-BB2B-8C45B7552123}.Release|x86.Build.0 = Release|Win32
	EndGlobalSection
	GlobalSection(SolutionProperties) = preSolution
		HideSolutionNode = FALSE
	EndGlobalSection
	GlobalSection(ExtensibilityGlobals) = postSolution
		SolutionGuid = {31A00CAD-9C30-4192-8C58-73EC1C143337}
	EndGlobalSection
EndGlobal
